{
  "name": "dictionaries",
  "version": "1.0.0",
  "lockfileVersion": 3,
  "requires": true,
  "packages": {
    "": {
      "name": "dictionaries",
      "version": "1.0.0",
      "license": "ISC",
      "dependencies": {
        "@cspell/dict-cpp": "^7.0.2",
        "@cspell/dict-django": "^4.1.6",
        "@cspell/dict-en_us": "^4.4.29",
        "@cspell/dict-python": "^4.2.25",
        "@cspell/dict-software-terms": "^5.1.20"
      }
    },
    "node_modules/@cspell/dict-cpp": {
      "version": "7.0.2",
      "resolved": "https://registry.npmjs.org/@cspell/dict-cpp/-/dict-cpp-7.0.2.tgz",
      "integrity": "sha512-dfbeERiVNeqmo/npivdR6rDiBCqZi3QtjH2Z0HFcXwpdj6i97dX1xaKyK2GUsO/p4u1TOv63Dmj5Vm48haDpuA==",
      "license": "MIT"
    },
    "node_modules/@cspell/dict-data-science": {
      "version": "2.0.13",
      "resolved": "https://registry.npmjs.org/@cspell/dict-data-science/-/dict-data-science-2.0.13.tgz",
      "integrity": "sha512-l1HMEhBJkPmw4I2YGVu2eBSKM89K9pVF+N6qIr5Uo5H3O979jVodtuwP8I7LyPrJnC6nz28oxeGRCLh9xC5CVA==",
      "license": "MIT"
    },
    "node_modules/@cspell/dict-django": {
      "version": "4.1.6",
      "resolved": "https://registry.npmjs.org/@cspell/dict-django/-/dict-django-4.1.6.tgz",
      "integrity": "sha512-SdbSFDGy9ulETqNz15oWv2+kpWLlk8DJYd573xhIkeRdcXOjskRuxjSZPKfW7O3NxN/KEf3gm3IevVOiNuFS+w==",
      "license": "MIT"
    },
    "node_modules/@cspell/dict-en_us": {
      "version": "4.4.29",
      "resolved": "https://registry.npmjs.org/@cspell/dict-en_us/-/dict-en_us-4.4.29.tgz",
      "integrity": "sha512-G3B27++9ziRdgbrY/G/QZdFAnMzzx17u8nCb2Xyd4q6luLpzViRM/CW3jA+Mb/cGT5zR/9N+Yz9SrGu1s0bq7g==",
      "license": "MIT"
    },
    "node_modules/@cspell/dict-python": {
      "version": "4.2.25",
      "resolved": "https://registry.npmjs.org/@cspell/dict-python/-/dict-python-4.2.25.tgz",
      "integrity": "sha512-hDdN0YhKgpbtZVRjQ2c8jk+n0wQdidAKj1Fk8w7KEHb3YlY5uPJ0mAKJk7AJKPNLOlILoUmN+HAVJz+cfSbWYg==",
      "license": "MIT",
      "dependencies": {
        "@cspell/dict-data-science": "^2.0.13"
      }
    },
    "node_modules/@cspell/dict-software-terms": {
      "version": "5.1.20",
      "resolved": "https://registry.npmjs.org/@cspell/dict-software-terms/-/dict-software-terms-5.1.20.tgz",
      "integrity": "sha512-TEk1xHvetTI4pv7Vzje1D322m6QEjaH2P6ucOOf6q7EJCppQIdC0lZSXkgHJAFU5HGSvEXSzvnVeW2RHW86ziQ==",
      "license": "MIT"
    }
  }
}
